metadata:
  # uses X.Y semantic versioning
  version: "1.0"
artifacts:
  - download_url:  https://github.com/bazelbuild/bazel/releases/download/6.5.0/bazel-6.5.0-dist.zip
    filename: bazel-6.5.0-dist.zip
    checksum: "sha256:fc89da919415289f29e4ff18a5e01270ece9a6fe83cb60967218bac4a3bb3ed2"
  - download_url: https://github.com/bazelbuild/bazel/releases/download/6.5.0/bazel-6.5.0-dist.zip.sig
    filename: bazel-6.5.0-dist.zip.sig
    checksum: "sha256:eacb0545673f9ac555b7bb4de00dccd57887514d14e04fbc7f53c6f48f3ae6d7"