metadata:
  # uses X.Y semantic versioning
  version: "1.0"
artifacts:
  - download_url:  https://github.com/bazelbuild/bazel/releases/download/8.2.1/bazel-8.2.1-dist.zip
    filename: bazel-8.2.1-dist.zip
    checksum: "sha256:b12b95cc02cc5ee19ff7a6a7f71f9496631f937c8e13a8f53ee0ff7b7700bc16"
  - download_url: https://github.com/bazelbuild/bazel/releases/download/8.2.1/bazel-8.2.1-dist.zip.sig
    filename: bazel-8.2.1-dist.zip.sig
    checksum: "sha256:c7772e99ed4fb88d7c9044d244f1447654883803d56e699d5696334233d4ddd2"